#MicroXplorer Configuration settings - do not modify
Mcu.Family=STM32F1
ProjectManager.MainLocation=Core/Src
RCC.MCOFreq_Value=36000000
ProjectManager.ProjectFileName=WiegandEmulator.ioc
ProjectManager.KeepUserCode=true
Mcu.UserName=STM32F105R8Tx
Mcu.PinsNb=10
PC9.GPIO_Label=LED_GREEN
ProjectManager.NoMain=false
PC11.Locked=true
PC12.Locked=true
RCC.PLLCLKFreq_Value=36000000
PC12.Signal=GPIO_Output
PC11.Signal=GPIO_Output
ProjectManager.functionlistsort=1-MX_GPIO_Init-GPIO-false-HAL-true,2-SystemClock_Config-RCC-false-HAL-false,3-MX_TIM6_Init-TIM6-false-HAL-true,4-MX_TIM7_Init-TIM7-false-HAL-true
PC8.Signal=GPIO_Output
TIM6.Prescaler=35
VP_TIM6_VS_ClockSourceINT.Mode=Enable_Timer
RCC.ADCFreqValue=18000000
PC9.Locked=true
ProjectManager.DefaultFWLocation=true
ProjectManager.DeletePrevious=true
PC11.GPIOParameters=GPIO_Label
PinOutPanel.RotationAngle=0
RCC.I2S3Freq_Value=36000000
RCC.FamilyName=M
RCC.SYSCLKSource=RCC_SYSCLKSOURCE_PLLCLK
ProjectManager.StackSize=0x400
PA0-WKUP.GPIO_Label=BUTTON
PA0-WKUP.Signal=GPIO_Input
PA0-WKUP.Locked=true
NVIC.TIM6_IRQn=true\:0\:0\:false\:false\:true\:true\:true
VP_TIM6_VS_ClockSourceINT.Signal=TIM6_VS_ClockSourceINT
PC8.GPIO_Label=LED_BLUE
PC12.GPIOParameters=GPIO_Label
VP_TIM7_VS_ClockSourceINT.Mode=Enable_Timer
PA13.Signal=SYS_JTMS-SWDIO
Mcu.IP4=TIM7
RCC.FCLKCortexFreq_Value=36000000
Mcu.IP2=SYS
NVIC.SVCall_IRQn=true\:0\:0\:false\:false\:true\:false\:false
Mcu.IP3=TIM6
Mcu.IP0=NVIC
Mcu.IP1=RCC
TIM6.IPParameters=Prescaler
Mcu.UserConstants=
ProjectManager.TargetToolchain=STM32CubeIDE
Mcu.ThirdPartyNb=0
RCC.HCLKFreq_Value=36000000
Mcu.IPNb=5
ProjectManager.PreviousToolchain=
RCC.APB2TimFreq_Value=36000000
Mcu.Pin6=PC12
TIM7.Period=999
Mcu.Pin7=VP_SYS_VS_Systick
ProjectManager.RegisterCallBack=
Mcu.Pin8=VP_TIM6_VS_ClockSourceINT
RCC.USBFreq_Value=24000000
Mcu.Pin9=VP_TIM7_VS_ClockSourceINT
RCC.AHBFreq_Value=36000000
Mcu.Pin0=PA0-WKUP
Mcu.Pin1=PC8
Mcu.Pin2=PC9
Mcu.Pin3=PA13
Mcu.Pin4=PA14
PA0-WKUP.GPIOParameters=GPIO_Label
Mcu.Pin5=PC11
ProjectManager.ProjectBuild=false
NVIC.UsageFault_IRQn=true\:0\:0\:false\:false\:true\:false\:false
NVIC.DebugMonitor_IRQn=true\:0\:0\:false\:false\:true\:false\:false
TIM7.Prescaler=35
board=custom
NVIC.SysTick_IRQn=true\:0\:0\:false\:false\:true\:false\:true
ProjectManager.LastFirmware=true
RCC.PLLMUL=RCC_PLL_MUL9
ProjectManager.FirmwarePackage=STM32Cube FW_F1 V1.8.3
MxDb.Version=DB.6.0.21
RCC.APB2Freq_Value=36000000
VP_TIM7_VS_ClockSourceINT.Signal=TIM7_VS_ClockSourceINT
ProjectManager.BackupPrevious=false
TIM7.IPParameters=Prescaler,Period
MxCube.Version=6.2.1
PA14.Mode=Serial_Wire
PC11.GPIO_Label=WIEGAND_D0
File.Version=6
VP_SYS_VS_Systick.Mode=SysTick
NVIC.NonMaskableInt_IRQn=true\:0\:0\:false\:false\:true\:false\:false
NVIC.PendSV_IRQn=true\:0\:0\:false\:false\:true\:false\:false
PA13.Mode=Serial_Wire
ProjectManager.FreePins=false
RCC.IPParameters=ADCFreqValue,AHBFreq_Value,APB1Freq_Value,APB1TimFreq_Value,APB2Freq_Value,APB2TimFreq_Value,FCLKCortexFreq_Value,FamilyName,HCLKFreq_Value,I2S2Freq_Value,I2S3Freq_Value,MCOFreq_Value,PLLCLKFreq_Value,PLLMUL,SYSCLKFreq_VALUE,SYSCLKSource,TimSysFreq_Value,USBFreq_Value
PC9.GPIOParameters=GPIO_Label
ProjectManager.AskForMigrate=true
Mcu.Name=STM32F105R(8-B-C)Tx
ProjectManager.HalAssertFull=false
ProjectManager.ProjectName=WiegandEmulator
ProjectManager.UnderRoot=true
ProjectManager.CoupleFile=false
PC8.GPIOParameters=GPIO_Label
RCC.SYSCLKFreq_VALUE=36000000
Mcu.Package=LQFP64
RCC.TimSysFreq_Value=36000000
RCC.I2S2Freq_Value=36000000
NVIC.ForceEnableDMAVector=true
KeepUserPlacement=false
NVIC.MemoryManagement_IRQn=true\:0\:0\:false\:false\:true\:false\:false
PC12.GPIO_Label=WIEGAND_D1
ProjectManager.CompilerOptimize=6
ProjectManager.ToolChainLocation=
VP_SYS_VS_Systick.Signal=SYS_VS_Systick
PA14.Signal=SYS_JTCK-SWCLK
ProjectManager.HeapSize=0x200
NVIC.HardFault_IRQn=true\:0\:0\:false\:false\:true\:false\:false
ProjectManager.ComputerToolchain=false
NVIC.PriorityGroup=NVIC_PRIORITYGROUP_4
RCC.APB1TimFreq_Value=36000000
NVIC.BusFault_IRQn=true\:0\:0\:false\:false\:true\:false\:false
PC8.Locked=true
PC9.Signal=GPIO_Output
RCC.APB1Freq_Value=36000000
NVIC.TIM7_IRQn=true\:0\:0\:false\:false\:true\:true\:true
ProjectManager.CustomerFirmwarePackage=
ProjectManager.DeviceId=STM32F105R8Tx
ProjectManager.LibraryCopy=1
isbadioc=false
